{
  "version": 4,
  "terraform_version": "0.12.29",
  "serial": 43,
  "lineage": "024f0825-84f3-1734-757f-f3dd926551b3",
  "outputs": {},
  "resources": [
    {
      "module": "module.mumbai",
      "mode": "managed",
      "type": "azurerm_linux_virtual_machine_scale_set",
      "name": "example",
      "provider": "provider.azurerm",
      "instances": [
        {
          "schema_version": 0,
          "attributes": {
            "additional_capabilities": [],
            "admin_password": null,
            "admin_ssh_key": [
              {
                "public_key": "ssh-rsa AAAAB3NzaC1yc2EAAAADAQABAAABAQDS6uWF0KdCmwgfJXXJNJZKLBzwVF4XgO26Q3AkIXm9V2q2MfLqnw9OsV6oQCcGYDnWpxir8hMTLB521zKcIxsElJ06BilSNroan6ZZ71VLwDGhfYar5B6AjfaRy7bwcrMp5Ck142pE70ahT8bGRZuudlUsSYCEEhShSliHSfxBkr8k0hhECn3qx9pOud3N/gEYwm5RcPWlPlRsWKbxeBFbMQy+9NT+RSps0n7aQAZVTvNtDl3jmkeDXMiIylgaei6OJibf8NQ/kzRXMj785uBRzejvEQIvVb2Rx0on2PT2Y5VjwCplT8W7WrG0IRKGLtbxpYSNFrbZtzKtIiKDJlx5 agris@DESKTOP-H8KMGSO\r\n",
                "username": "adminuser"
              }
            ],
            "admin_username": "adminuser",
            "automatic_instance_repair": [
              {
                "enabled": false,
                "grace_period": "PT30M"
              }
            ],
            "automatic_os_upgrade_policy": [],
            "boot_diagnostics": [],
            "computer_name_prefix": "mumbai-scale-set",
            "custom_data": null,
            "data_disk": [],
            "disable_password_authentication": true,
            "do_not_run_extensions_on_overprovisioned_machines": false,
            "eviction_policy": "",
            "health_probe_id": "",
            "id": "/subscriptions/ed78d18f-0f24-4957-9450-452986963828/resourceGroups/terraform1/providers/Microsoft.Compute/virtualMachineScaleSets/mumbai-scale-set",
            "identity": [],
            "instances": 1,
            "location": "uksouth",
            "max_bid_price": -1,
            "name": "mumbai-scale-set",
            "network_interface": [
              {
                "dns_servers": [],
                "enable_accelerated_networking": false,
                "enable_ip_forwarding": false,
                "ip_configuration": [
                  {
                    "application_gateway_backend_address_pool_ids": [],
                    "application_security_group_ids": [],
                    "load_balancer_backend_address_pool_ids": [],
                    "load_balancer_inbound_nat_rules_ids": [],
                    "name": "internal",
                    "primary": true,
                    "public_ip_address": [],
                    "subnet_id": "/subscriptions/ed78d18f-0f24-4957-9450-452986963828/resourceGroups/terraform1/providers/Microsoft.Network/virtualNetworks/mumbai-net/subnets/internal",
                    "version": "IPv4"
                  }
                ],
                "name": "example",
                "network_security_group_id": "",
                "primary": true
              }
            ],
            "os_disk": [
              {
                "caching": "ReadWrite",
                "diff_disk_settings": [],
                "disk_encryption_set_id": "",
                "disk_size_gb": 30,
                "storage_account_type": "Standard_LRS",
                "write_accelerator_enabled": false
              }
            ],
            "overprovision": true,
            "plan": [],
            "priority": "Regular",
            "provision_vm_agent": true,
            "proximity_placement_group_id": "",
            "resource_group_name": "terraform1",
            "rolling_upgrade_policy": [],
            "scale_in_policy": "Default",
            "secret": [],
            "single_placement_group": true,
            "sku": "Standard_F2",
            "source_image_id": "",
            "source_image_reference": [
              {
                "offer": "UbuntuServer",
                "publisher": "Canonical",
                "sku": "18.04-LTS",
                "version": "latest"
              }
            ],
            "tags": {},
            "terminate_notification": [],
            "timeouts": null,
            "unique_id": "316f4747-d074-4256-a06c-a3689be36285",
            "upgrade_mode": "Manual",
            "zone_balance": false,
            "zones": [
              "1"
            ]
          },
          "private": "eyJlMmJmYjczMC1lY2FhLTExZTYtOGY4OC0zNDM2M2JjN2M0YzAiOnsiY3JlYXRlIjoxODAwMDAwMDAwMDAwLCJkZWxldGUiOjE4MDAwMDAwMDAwMDAsInJlYWQiOjMwMDAwMDAwMDAwMCwidXBkYXRlIjozNjAwMDAwMDAwMDAwfX0=",
          "dependencies": [
            "azurerm_resource_group.example",
            "module.mumbai.azurerm_subnet.internal",
            "module.mumbai.azurerm_virtual_network.example"
          ]
        }
      ]
    },
    {
      "module": "module.london",
      "mode": "managed",
      "type": "azurerm_linux_virtual_machine_scale_set",
      "name": "example",
      "provider": "provider.azurerm",
      "instances": [
        {
          "schema_version": 0,
          "attributes": {
            "additional_capabilities": [],
            "admin_password": null,
            "admin_ssh_key": [
              {
                "public_key": "ssh-rsa AAAAB3NzaC1yc2EAAAADAQABAAABAQDS6uWF0KdCmwgfJXXJNJZKLBzwVF4XgO26Q3AkIXm9V2q2MfLqnw9OsV6oQCcGYDnWpxir8hMTLB521zKcIxsElJ06BilSNroan6ZZ71VLwDGhfYar5B6AjfaRy7bwcrMp5Ck142pE70ahT8bGRZuudlUsSYCEEhShSliHSfxBkr8k0hhECn3qx9pOud3N/gEYwm5RcPWlPlRsWKbxeBFbMQy+9NT+RSps0n7aQAZVTvNtDl3jmkeDXMiIylgaei6OJibf8NQ/kzRXMj785uBRzejvEQIvVb2Rx0on2PT2Y5VjwCplT8W7WrG0IRKGLtbxpYSNFrbZtzKtIiKDJlx5 agris@DESKTOP-H8KMGSO\r\n",
                "username": "adminuser"
              }
            ],
            "admin_username": "adminuser",
            "automatic_instance_repair": [
              {
                "enabled": false,
                "grace_period": "PT30M"
              }
            ],
            "automatic_os_upgrade_policy": [],
            "boot_diagnostics": [],
            "computer_name_prefix": "london-scale-set",
            "custom_data": null,
            "data_disk": [],
            "disable_password_authentication": true,
            "do_not_run_extensions_on_overprovisioned_machines": false,
            "eviction_policy": "",
            "health_probe_id": "",
            "id": "/subscriptions/ed78d18f-0f24-4957-9450-452986963828/resourceGroups/terraform1/providers/Microsoft.Compute/virtualMachineScaleSets/london-scale-set",
            "identity": [],
            "instances": 1,
            "location": "uksouth",
            "max_bid_price": -1,
            "name": "london-scale-set",
            "network_interface": [
              {
                "dns_servers": [],
                "enable_accelerated_networking": false,
                "enable_ip_forwarding": false,
                "ip_configuration": [
                  {
                    "application_gateway_backend_address_pool_ids": [],
                    "application_security_group_ids": [],
                    "load_balancer_backend_address_pool_ids": [],
                    "load_balancer_inbound_nat_rules_ids": [],
                    "name": "internal",
                    "primary": true,
                    "public_ip_address": [],
                    "subnet_id": "/subscriptions/ed78d18f-0f24-4957-9450-452986963828/resourceGroups/terraform1/providers/Microsoft.Network/virtualNetworks/london-net/subnets/internal",
                    "version": "IPv4"
                  }
                ],
                "name": "example",
                "network_security_group_id": "",
                "primary": true
              }
            ],
            "os_disk": [
              {
                "caching": "ReadWrite",
                "diff_disk_settings": [],
                "disk_encryption_set_id": "",
                "disk_size_gb": 30,
                "storage_account_type": "Standard_LRS",
                "write_accelerator_enabled": false
              }
            ],
            "overprovision": true,
            "plan": [],
            "priority": "Regular",
            "provision_vm_agent": true,
            "proximity_placement_group_id": "",
            "resource_group_name": "terraform1",
            "rolling_upgrade_policy": [],
            "scale_in_policy": "Default",
            "secret": [],
            "single_placement_group": true,
            "sku": "Standard_F2",
            "source_image_id": "",
            "source_image_reference": [
              {
                "offer": "UbuntuServer",
                "publisher": "Canonical",
                "sku": "18.04-LTS",
                "version": "latest"
              }
            ],
            "tags": {},
            "terminate_notification": [],
            "timeouts": null,
            "unique_id": "b8b65e0a-43f8-45bb-8c69-94e748d1e525",
            "upgrade_mode": "Manual",
            "zone_balance": false,
            "zones": [
              "1"
            ]
          },
          "private": "eyJlMmJmYjczMC1lY2FhLTExZTYtOGY4OC0zNDM2M2JjN2M0YzAiOnsiY3JlYXRlIjoxODAwMDAwMDAwMDAwLCJkZWxldGUiOjE4MDAwMDAwMDAwMDAsInJlYWQiOjMwMDAwMDAwMDAwMCwidXBkYXRlIjozNjAwMDAwMDAwMDAwfX0=",
          "dependencies": [
            "azurerm_resource_group.example",
            "module.london.azurerm_subnet.internal",
            "module.london.azurerm_virtual_network.example"
          ]
        }
      ]
    },
    {
      "module": "module.paris",
      "mode": "managed",
      "type": "azurerm_linux_virtual_machine_scale_set",
      "name": "example",
      "provider": "provider.azurerm",
      "instances": [
        {
          "schema_version": 0,
          "attributes": {
            "additional_capabilities": [],
            "admin_password": null,
            "admin_ssh_key": [
              {
                "public_key": "ssh-rsa AAAAB3NzaC1yc2EAAAADAQABAAABAQDS6uWF0KdCmwgfJXXJNJZKLBzwVF4XgO26Q3AkIXm9V2q2MfLqnw9OsV6oQCcGYDnWpxir8hMTLB521zKcIxsElJ06BilSNroan6ZZ71VLwDGhfYar5B6AjfaRy7bwcrMp5Ck142pE70ahT8bGRZuudlUsSYCEEhShSliHSfxBkr8k0hhECn3qx9pOud3N/gEYwm5RcPWlPlRsWKbxeBFbMQy+9NT+RSps0n7aQAZVTvNtDl3jmkeDXMiIylgaei6OJibf8NQ/kzRXMj785uBRzejvEQIvVb2Rx0on2PT2Y5VjwCplT8W7WrG0IRKGLtbxpYSNFrbZtzKtIiKDJlx5 agris@DESKTOP-H8KMGSO\r\n",
                "username": "adminuser"
              }
            ],
            "admin_username": "adminuser",
            "automatic_instance_repair": [
              {
                "enabled": false,
                "grace_period": "PT30M"
              }
            ],
            "automatic_os_upgrade_policy": [],
            "boot_diagnostics": [],
            "computer_name_prefix": "paris-scale-set",
            "custom_data": null,
            "data_disk": [],
            "disable_password_authentication": true,
            "do_not_run_extensions_on_overprovisioned_machines": false,
            "eviction_policy": "",
            "health_probe_id": "",
            "id": "/subscriptions/ed78d18f-0f24-4957-9450-452986963828/resourceGroups/terraform1/providers/Microsoft.Compute/virtualMachineScaleSets/paris-scale-set",
            "identity": [],
            "instances": 1,
            "location": "westeurope",
            "max_bid_price": -1,
            "name": "paris-scale-set",
            "network_interface": [
              {
                "dns_servers": [],
                "enable_accelerated_networking": false,
                "enable_ip_forwarding": false,
                "ip_configuration": [
                  {
                    "application_gateway_backend_address_pool_ids": [],
                    "application_security_group_ids": [],
                    "load_balancer_backend_address_pool_ids": [],
                    "load_balancer_inbound_nat_rules_ids": [],
                    "name": "internal",
                    "primary": true,
                    "public_ip_address": [],
                    "subnet_id": "/subscriptions/ed78d18f-0f24-4957-9450-452986963828/resourceGroups/terraform1/providers/Microsoft.Network/virtualNetworks/paris-net/subnets/internal",
                    "version": "IPv4"
                  }
                ],
                "name": "example",
                "network_security_group_id": "",
                "primary": true
              }
            ],
            "os_disk": [
              {
                "caching": "ReadWrite",
                "diff_disk_settings": [],
                "disk_encryption_set_id": "",
                "disk_size_gb": 30,
                "storage_account_type": "Standard_LRS",
                "write_accelerator_enabled": false
              }
            ],
            "overprovision": true,
            "plan": [],
            "priority": "Regular",
            "provision_vm_agent": true,
            "proximity_placement_group_id": "",
            "resource_group_name": "terraform1",
            "rolling_upgrade_policy": [],
            "scale_in_policy": "Default",
            "secret": [],
            "single_placement_group": true,
            "sku": "Standard_F2",
            "source_image_id": "",
            "source_image_reference": [
              {
                "offer": "UbuntuServer",
                "publisher": "Canonical",
                "sku": "18.04-LTS",
                "version": "latest"
              }
            ],
            "tags": {},
            "terminate_notification": [],
            "timeouts": null,
            "unique_id": "0766001d-926a-439a-a60e-bea37decbbdf",
            "upgrade_mode": "Manual",
            "zone_balance": false,
            "zones": [
              "1"
            ]
          },
          "private": "eyJlMmJmYjczMC1lY2FhLTExZTYtOGY4OC0zNDM2M2JjN2M0YzAiOnsiY3JlYXRlIjoxODAwMDAwMDAwMDAwLCJkZWxldGUiOjE4MDAwMDAwMDAwMDAsInJlYWQiOjMwMDAwMDAwMDAwMCwidXBkYXRlIjozNjAwMDAwMDAwMDAwfX0=",
          "dependencies": [
            "azurerm_resource_group.example",
            "module.paris.azurerm_subnet.internal",
            "module.paris.azurerm_virtual_network.example"
          ]
        }
      ]
    },
    {
      "module": "module.mumbai",
      "mode": "managed",
      "type": "azurerm_monitor_autoscale_setting",
      "name": "upscale",
      "provider": "provider.azurerm",
      "instances": [
        {
          "schema_version": 0,
          "attributes": {
            "enabled": true,
            "id": "/subscriptions/ed78d18f-0f24-4957-9450-452986963828/resourceGroups/terraform1/providers/microsoft.insights/autoscalesettings/upscale-mumbai",
            "location": "uksouth",
            "name": "upscale-mumbai",
            "notification": [],
            "profile": [
              {
                "capacity": [
                  {
                    "default": 3,
                    "maximum": 3,
                    "minimum": 3
                  }
                ],
                "fixed_date": [],
                "name": "launch",
                "recurrence": [
                  {
                    "days": [
                      "Monday",
                      "Tuesday",
                      "Wednesday",
                      "Thursday",
                      "Friday",
                      "Saturday",
                      "Sunday"
                    ],
                    "hours": [
                      2
                    ],
                    "minutes": [
                      30
                    ],
                    "timezone": "UTC"
                  }
                ],
                "rule": []
              },
              {
                "capacity": [
                  {
                    "default": 0,
                    "maximum": 0,
                    "minimum": 0
                  }
                ],
                "fixed_date": [],
                "name": "take-down",
                "recurrence": [
                  {
                    "days": [
                      "Monday",
                      "Tuesday",
                      "Wednesday",
                      "Thursday",
                      "Friday",
                      "Saturday",
                      "Sunday"
                    ],
                    "hours": [
                      22
                    ],
                    "minutes": [
                      30
                    ],
                    "timezone": "UTC"
                  }
                ],
                "rule": []
              }
            ],
            "resource_group_name": "terraform1",
            "tags": {},
            "target_resource_id": "/subscriptions/ed78d18f-0f24-4957-9450-452986963828/resourceGroups/terraform1/providers/Microsoft.Compute/virtualMachineScaleSets/mumbai-scale-set",
            "timeouts": null
          },
          "private": "eyJlMmJmYjczMC1lY2FhLTExZTYtOGY4OC0zNDM2M2JjN2M0YzAiOnsiY3JlYXRlIjoxODAwMDAwMDAwMDAwLCJkZWxldGUiOjE4MDAwMDAwMDAwMDAsInJlYWQiOjMwMDAwMDAwMDAwMCwidXBkYXRlIjoxODAwMDAwMDAwMDAwfX0=",
          "dependencies": [
            "azurerm_resource_group.example",
            "module.mumbai.azurerm_linux_virtual_machine_scale_set.example",
            "module.mumbai.azurerm_subnet.internal",
            "module.mumbai.azurerm_virtual_network.example"
          ]
        }
      ]
    },
    {
      "module": "module.london",
      "mode": "managed",
      "type": "azurerm_monitor_autoscale_setting",
      "name": "upscale",
      "provider": "provider.azurerm",
      "instances": [
        {
          "schema_version": 0,
          "attributes": {
            "enabled": true,
            "id": "/subscriptions/ed78d18f-0f24-4957-9450-452986963828/resourceGroups/terraform1/providers/microsoft.insights/autoscalesettings/upscale-london",
            "location": "uksouth",
            "name": "upscale-london",
            "notification": [],
            "profile": [
              {
                "capacity": [
                  {
                    "default": 3,
                    "maximum": 3,
                    "minimum": 3
                  }
                ],
                "fixed_date": [],
                "name": "launch",
                "recurrence": [
                  {
                    "days": [
                      "Monday",
                      "Tuesday",
                      "Wednesday",
                      "Thursday",
                      "Friday",
                      "Saturday",
                      "Sunday"
                    ],
                    "hours": [
                      9
                    ],
                    "minutes": [
                      0
                    ],
                    "timezone": "UTC"
                  }
                ],
                "rule": []
              },
              {
                "capacity": [
                  {
                    "default": 0,
                    "maximum": 0,
                    "minimum": 0
                  }
                ],
                "fixed_date": [],
                "name": "take-down",
                "recurrence": [
                  {
                    "days": [
                      "Monday",
                      "Tuesday",
                      "Wednesday",
                      "Thursday",
                      "Friday",
                      "Saturday",
                      "Sunday"
                    ],
                    "hours": [
                      17
                    ],
                    "minutes": [
                      0
                    ],
                    "timezone": "UTC"
                  }
                ],
                "rule": []
              }
            ],
            "resource_group_name": "terraform1",
            "tags": {},
            "target_resource_id": "/subscriptions/ed78d18f-0f24-4957-9450-452986963828/resourceGroups/terraform1/providers/Microsoft.Compute/virtualMachineScaleSets/london-scale-set",
            "timeouts": null
          },
          "private": "eyJlMmJmYjczMC1lY2FhLTExZTYtOGY4OC0zNDM2M2JjN2M0YzAiOnsiY3JlYXRlIjoxODAwMDAwMDAwMDAwLCJkZWxldGUiOjE4MDAwMDAwMDAwMDAsInJlYWQiOjMwMDAwMDAwMDAwMCwidXBkYXRlIjoxODAwMDAwMDAwMDAwfX0=",
          "dependencies": [
            "azurerm_resource_group.example",
            "module.london.azurerm_linux_virtual_machine_scale_set.example"
          ]
        }
      ]
    },
    {
      "module": "module.paris",
      "mode": "managed",
      "type": "azurerm_monitor_autoscale_setting",
      "name": "upscale",
      "provider": "provider.azurerm",
      "instances": [
        {
          "schema_version": 0,
          "attributes": {
            "enabled": true,
            "id": "/subscriptions/ed78d18f-0f24-4957-9450-452986963828/resourceGroups/terraform1/providers/microsoft.insights/autoscalesettings/upscale-paris",
            "location": "westeurope",
            "name": "upscale-paris",
            "notification": [],
            "profile": [
              {
                "capacity": [
                  {
                    "default": 3,
                    "maximum": 3,
                    "minimum": 3
                  }
                ],
                "fixed_date": [],
                "name": "launch",
                "recurrence": [
                  {
                    "days": [
                      "Monday",
                      "Tuesday",
                      "Wednesday",
                      "Thursday",
                      "Friday",
                      "Saturday",
                      "Sunday"
                    ],
                    "hours": [
                      10
                    ],
                    "minutes": [
                      0
                    ],
                    "timezone": "UTC"
                  }
                ],
                "rule": []
              },
              {
                "capacity": [
                  {
                    "default": 0,
                    "maximum": 0,
                    "minimum": 0
                  }
                ],
                "fixed_date": [],
                "name": "take-down",
                "recurrence": [
                  {
                    "days": [
                      "Monday",
                      "Tuesday",
                      "Wednesday",
                      "Thursday",
                      "Friday",
                      "Saturday",
                      "Sunday"
                    ],
                    "hours": [
                      15
                    ],
                    "minutes": [
                      0
                    ],
                    "timezone": "UTC"
                  }
                ],
                "rule": []
              }
            ],
            "resource_group_name": "terraform1",
            "tags": {},
            "target_resource_id": "/subscriptions/ed78d18f-0f24-4957-9450-452986963828/resourceGroups/terraform1/providers/Microsoft.Compute/virtualMachineScaleSets/paris-scale-set",
            "timeouts": null
          },
          "private": "eyJlMmJmYjczMC1lY2FhLTExZTYtOGY4OC0zNDM2M2JjN2M0YzAiOnsiY3JlYXRlIjoxODAwMDAwMDAwMDAwLCJkZWxldGUiOjE4MDAwMDAwMDAwMDAsInJlYWQiOjMwMDAwMDAwMDAwMCwidXBkYXRlIjoxODAwMDAwMDAwMDAwfX0=",
          "dependencies": [
            "azurerm_resource_group.example",
            "module.paris.azurerm_linux_virtual_machine_scale_set.example"
          ]
        }
      ]
    },
    {
      "mode": "managed",
      "type": "azurerm_resource_group",
      "name": "example",
      "provider": "provider.azurerm",
      "instances": [
        {
          "schema_version": 0,
          "attributes": {
            "id": "/subscriptions/ed78d18f-0f24-4957-9450-452986963828/resourceGroups/terraform1",
            "location": "westeurope",
            "name": "terraform1",
            "tags": {},
            "timeouts": null
          },
          "private": "eyJlMmJmYjczMC1lY2FhLTExZTYtOGY4OC0zNDM2M2JjN2M0YzAiOnsiY3JlYXRlIjo1NDAwMDAwMDAwMDAwLCJkZWxldGUiOjU0MDAwMDAwMDAwMDAsInJlYWQiOjMwMDAwMDAwMDAwMCwidXBkYXRlIjo1NDAwMDAwMDAwMDAwfX0="
        }
      ]
    },
    {
      "module": "module.mumbai",
      "mode": "managed",
      "type": "azurerm_subnet",
      "name": "internal",
      "provider": "provider.azurerm",
      "instances": [
        {
          "schema_version": 0,
          "attributes": {
            "address_prefix": "10.0.2.0/24",
            "address_prefixes": [
              "10.0.2.0/24"
            ],
            "delegation": [],
            "enforce_private_link_endpoint_network_policies": false,
            "enforce_private_link_service_network_policies": false,
            "id": "/subscriptions/ed78d18f-0f24-4957-9450-452986963828/resourceGroups/terraform1/providers/Microsoft.Network/virtualNetworks/mumbai-net/subnets/internal",
            "name": "internal",
            "resource_group_name": "terraform1",
            "service_endpoints": [],
            "timeouts": null,
            "virtual_network_name": "mumbai-net"
          },
          "private": "eyJlMmJmYjczMC1lY2FhLTExZTYtOGY4OC0zNDM2M2JjN2M0YzAiOnsiY3JlYXRlIjoxODAwMDAwMDAwMDAwLCJkZWxldGUiOjE4MDAwMDAwMDAwMDAsInJlYWQiOjMwMDAwMDAwMDAwMCwidXBkYXRlIjoxODAwMDAwMDAwMDAwfX0=",
          "dependencies": [
            "azurerm_resource_group.example",
            "module.mumbai.azurerm_virtual_network.example"
          ]
        }
      ]
    },
    {
      "module": "module.london",
      "mode": "managed",
      "type": "azurerm_subnet",
      "name": "internal",
      "provider": "provider.azurerm",
      "instances": [
        {
          "schema_version": 0,
          "attributes": {
            "address_prefix": "10.0.2.0/24",
            "address_prefixes": [
              "10.0.2.0/24"
            ],
            "delegation": [],
            "enforce_private_link_endpoint_network_policies": false,
            "enforce_private_link_service_network_policies": false,
            "id": "/subscriptions/ed78d18f-0f24-4957-9450-452986963828/resourceGroups/terraform1/providers/Microsoft.Network/virtualNetworks/london-net/subnets/internal",
            "name": "internal",
            "resource_group_name": "terraform1",
            "service_endpoints": [],
            "timeouts": null,
            "virtual_network_name": "london-net"
          }
        }
      ]
    },
    {
      "module": "module.paris",
      "mode": "managed",
      "type": "azurerm_subnet",
      "name": "internal",
      "provider": "provider.azurerm",
      "instances": [
        {
          "schema_version": 0,
          "attributes": {
            "address_prefix": "10.0.2.0/24",
            "address_prefixes": [
              "10.0.2.0/24"
            ],
            "delegation": [],
            "enforce_private_link_endpoint_network_policies": false,
            "enforce_private_link_service_network_policies": false,
            "id": "/subscriptions/ed78d18f-0f24-4957-9450-452986963828/resourceGroups/terraform1/providers/Microsoft.Network/virtualNetworks/paris-net/subnets/internal",
            "name": "internal",
            "resource_group_name": "terraform1",
            "service_endpoints": [],
            "timeouts": null,
            "virtual_network_name": "paris-net"
          },
          "private": "eyJlMmJmYjczMC1lY2FhLTExZTYtOGY4OC0zNDM2M2JjN2M0YzAiOnsiY3JlYXRlIjoxODAwMDAwMDAwMDAwLCJkZWxldGUiOjE4MDAwMDAwMDAwMDAsInJlYWQiOjMwMDAwMDAwMDAwMCwidXBkYXRlIjoxODAwMDAwMDAwMDAwfX0=",
          "dependencies": [
            "azurerm_resource_group.example",
            "module.paris.azurerm_virtual_network.example"
          ]
        }
      ]
    },
    {
      "module": "module.mumbai",
      "mode": "managed",
      "type": "azurerm_virtual_network",
      "name": "example",
      "provider": "provider.azurerm",
      "instances": [
        {
          "schema_version": 0,
          "attributes": {
            "address_space": [
              "10.0.0.0/16"
            ],
            "ddos_protection_plan": [],
            "dns_servers": [],
            "guid": "919daae7-2ae0-47a2-b82e-6603c8cce429",
            "id": "/subscriptions/ed78d18f-0f24-4957-9450-452986963828/resourceGroups/terraform1/providers/Microsoft.Network/virtualNetworks/mumbai-net",
            "location": "uksouth",
            "name": "mumbai-net",
            "resource_group_name": "terraform1",
            "subnet": [
              {
                "address_prefix": "10.0.2.0/24",
                "id": "/subscriptions/ed78d18f-0f24-4957-9450-452986963828/resourceGroups/terraform1/providers/Microsoft.Network/virtualNetworks/mumbai-net/subnets/internal",
                "name": "internal",
                "security_group": ""
              }
            ],
            "tags": {},
            "timeouts": null
          },
          "private": "eyJlMmJmYjczMC1lY2FhLTExZTYtOGY4OC0zNDM2M2JjN2M0YzAiOnsiY3JlYXRlIjoxODAwMDAwMDAwMDAwLCJkZWxldGUiOjE4MDAwMDAwMDAwMDAsInJlYWQiOjMwMDAwMDAwMDAwMCwidXBkYXRlIjoxODAwMDAwMDAwMDAwfX0=",
          "dependencies": [
            "azurerm_resource_group.example"
          ]
        }
      ]
    },
    {
      "module": "module.london",
      "mode": "managed",
      "type": "azurerm_virtual_network",
      "name": "example",
      "provider": "provider.azurerm",
      "instances": [
        {
          "schema_version": 0,
          "attributes": {
            "address_space": [
              "10.0.0.0/16"
            ],
            "ddos_protection_plan": [],
            "dns_servers": [],
            "guid": "9baa7dcc-9959-4993-be6b-37ede2a38485",
            "id": "/subscriptions/ed78d18f-0f24-4957-9450-452986963828/resourceGroups/terraform1/providers/Microsoft.Network/virtualNetworks/london-net",
            "location": "uksouth",
            "name": "london-net",
            "resource_group_name": "terraform1",
            "subnet": [
              {
                "address_prefix": "10.0.2.0/24",
                "id": "/subscriptions/ed78d18f-0f24-4957-9450-452986963828/resourceGroups/terraform1/providers/Microsoft.Network/virtualNetworks/london-net/subnets/internal",
                "name": "internal",
                "security_group": ""
              }
            ],
            "tags": {},
            "timeouts": null
          },
          "private": "eyJlMmJmYjczMC1lY2FhLTExZTYtOGY4OC0zNDM2M2JjN2M0YzAiOnsiY3JlYXRlIjoxODAwMDAwMDAwMDAwLCJkZWxldGUiOjE4MDAwMDAwMDAwMDAsInJlYWQiOjMwMDAwMDAwMDAwMCwidXBkYXRlIjoxODAwMDAwMDAwMDAwfX0=",
          "dependencies": [
            "azurerm_resource_group.example"
          ]
        }
      ]
    },
    {
      "module": "module.paris",
      "mode": "managed",
      "type": "azurerm_virtual_network",
      "name": "example",
      "provider": "provider.azurerm",
      "instances": [
        {
          "schema_version": 0,
          "attributes": {
            "address_space": [
              "10.0.0.0/16"
            ],
            "ddos_protection_plan": [],
            "dns_servers": [],
            "guid": "3d063647-b0bb-4929-ba15-ea6cadf9945d",
            "id": "/subscriptions/ed78d18f-0f24-4957-9450-452986963828/resourceGroups/terraform1/providers/Microsoft.Network/virtualNetworks/paris-net",
            "location": "westeurope",
            "name": "paris-net",
            "resource_group_name": "terraform1",
            "subnet": [
              {
                "address_prefix": "10.0.2.0/24",
                "id": "/subscriptions/ed78d18f-0f24-4957-9450-452986963828/resourceGroups/terraform1/providers/Microsoft.Network/virtualNetworks/paris-net/subnets/internal",
                "name": "internal",
                "security_group": ""
              }
            ],
            "tags": {},
            "timeouts": null
          },
          "private": "eyJlMmJmYjczMC1lY2FhLTExZTYtOGY4OC0zNDM2M2JjN2M0YzAiOnsiY3JlYXRlIjoxODAwMDAwMDAwMDAwLCJkZWxldGUiOjE4MDAwMDAwMDAwMDAsInJlYWQiOjMwMDAwMDAwMDAwMCwidXBkYXRlIjoxODAwMDAwMDAwMDAwfX0=",
          "dependencies": [
            "azurerm_resource_group.example"
          ]
        }
      ]
    }
  ]
}
